
Microsoft Visual Studio Solution File, Format Version 11.00
# Visual Studio 2010
Project("{FAE04EC0-301F-11D3-BF4B-00C04F79EFBC}") = "Assembly-CSharp", "Assembly-CSharp.csproj", "{EE0AA8E8-AB95-BDCE-C116-F69E4A325A49}"
EndProject
Project("{FAE04EC0-301F-11D3-BF4B-00C04F79EFBC}") = "Assembly-CSharp-Editor", "Assembly-CSharp-Editor.csproj", "{9480BD7F-C502-CF03-9D3E-18C1C73B9B84}"
EndProject
Global
	GlobalSection(SolutionConfigurationPlatforms) = preSolution
		Debug|Any CPU = Debug|Any CPU
		Release|Any CPU = Release|Any CPU
	EndGlobalSection
	GlobalSection(ProjectConfigurationPlatforms) = postSolution
		{EE0AA8E8-AB95-BDCE-C116-F69E4A325A49}.Debug|Any CPU.ActiveCfg = Debug|Any CPU
		{EE0AA8E8-AB95-BDCE-C116-F69E4A325A49}.Debug|Any CPU.Build.0 = Debug|Any CPU
		{EE0AA8E8-AB95-BDCE-C116-F69E4A325A49}.Release|Any CPU.ActiveCfg = Release|Any CPU
		{EE0AA8E8-AB95-BDCE-C116-F69E4A325A49}.Release|Any CPU.Build.0 = Release|Any CPU
		{9480BD7F-C502-CF03-9D3E-18C1C73B9B84}.Debug|Any CPU.ActiveCfg = Debug|Any CPU
		{9480BD7F-C502-CF03-9D3E-18C1C73B9B84}.Debug|Any CPU.Build.0 = Debug|Any CPU
		{9480BD7F-C502-CF03-9D3E-18C1C73B9B84}.Release|Any CPU.ActiveCfg = Release|Any CPU
		{9480BD7F-C502-CF03-9D3E-18C1C73B9B84}.Release|Any CPU.Build.0 = Release|Any CPU
	EndGlobalSection
	GlobalSection(SolutionProperties) = preSolution
		HideSolutionNode = FALSE
	EndGlobalSection
EndGlobal
